<?xml version="1.0" encoding="utf-8"?>
<Project ToolsVersion="4.0" xmlns="http://schemas.microsoft.com/developer/msbuild/2003">
  <ItemGroup>
    <Filter Include="Resource Files">
      <UniqueIdentifier>{67DA6AB6-F800-4c08-8B7A-83BB121AAD01}</UniqueIdentifier>
      <Extensions>rc;ico;cur;bmp;dlg;rc2;rct;bin;rgs;gif;jpg;jpeg;jpe;resx;tiff;tif;png;wav;mfcribbon-ms</Extensions>
    </Filter>
    <Filter Include="Source Files">
      <UniqueIdentifier>{4FC737F1-C7A5-4376-A066-2A32D752A2FF}</UniqueIdentifier>
      <Extensions>cpp;c;cc;cxx;c++;def;odl;idl;hpj;bat;asm;asmx</Extensions>
    </Filter>
    <Filter Include="Header Files">
      <UniqueIdentifier>{93995380-89BD-4b04-88EB-625FBE52EBFB}</UniqueIdentifier>
      <Extensions>h;hh;hpp;hxx;h++;hm;inl;inc;ipp;xsd</Extensions>
    </Filter>
    <Filter Include="Resource Files\polynomials">
      <UniqueIdentifier>{9f571611-95fa-47dc-8a8c-ce025f35acfe}</UniqueIdentifier>
    </Filter>
    <Filter Include="Resource Files\roots">
      <UniqueIdentifier>{fdd749f6-2f34-4a00-a8fe-46fc3eeb0004}</UniqueIdentifier>
    </Filter>
  </ItemGroup>
  <ItemGroup>
    <ClCompile Include="main.cpp">
      <Filter>Source Files</Filter>
    </ClCompile>
    <ClCompile Include="01-LU-Decomposition-Gaussian-Elimination.cpp">
      <Filter>Source Files</Filter>
    </ClCompile>
    <ClCompile Include="02-Find-Roots-Of-Real-Polynomial.cpp">
      <Filter>Source Files</Filter>
    </ClCompile>
    <ClCompile Include="my_solver.cpp">
      <Filter>Source Files</Filter>
    </ClCompile>
    <ClCompile Include="03-Approximate-Jacobian-Example1.cpp">
      <Filter>Source Files</Filter>
    </ClCompile>
    <ClCompile Include="04-Approximate-Jacobian-Example2.cpp">
      <Filter>Source Files</Filter>
    </ClCompile>
    <ClCompile Include="05-Approximate-Jacobian-Example3.cpp">
      <Filter>Source Files</Filter>
    </ClCompile>
    <ClCompile Include="06-Analytic-Jacobian-Example1.cpp">
      <Filter>Source Files</Filter>
    </ClCompile>
    <ClCompile Include="07-Analytic-Jacobian-Example2.cpp">
      <Filter>Source Files</Filter>
    </ClCompile>
    <ClCompile Include="08-Analytic-Jacobian-Example3.cpp">
      <Filter>Source Files</Filter>
    </ClCompile>
  </ItemGroup>
  <ItemGroup>
    <ClInclude Include="my_solver.h">
      <Filter>Header Files</Filter>
    </ClInclude>
  </ItemGroup>
  <ItemGroup>
    <Text Include="polynomials\polynomial_02_1.txt">
      <Filter>Resource Files\polynomials</Filter>
    </Text>
    <Text Include="polynomials\polynomial_02_2.txt">
      <Filter>Resource Files\polynomials</Filter>
    </Text>
    <Text Include="polynomials\polynomial_02_3.txt">
      <Filter>Resource Files\polynomials</Filter>
    </Text>
    <Text Include="polynomials\polynomial_02_4.txt">
      <Filter>Resource Files\polynomials</Filter>
    </Text>
    <Text Include="polynomials\polynomial_02_5.txt">
      <Filter>Resource Files\polynomials</Filter>
    </Text>
    <Text Include="polynomials\polynomial_02_6.txt">
      <Filter>Resource Files\polynomials</Filter>
    </Text>
    <Text Include="roots\roots_02_1.txt">
      <Filter>Resource Files\roots</Filter>
    </Text>
    <Text Include="roots\roots_02_2.txt">
      <Filter>Resource Files\roots</Filter>
    </Text>
    <Text Include="roots\roots_02_3.txt">
      <Filter>Resource Files\roots</Filter>
    </Text>
    <Text Include="roots\roots_02_4.txt">
      <Filter>Resource Files\roots</Filter>
    </Text>
    <Text Include="roots\roots_02_5.txt">
      <Filter>Resource Files\roots</Filter>
    </Text>
    <Text Include="roots\roots_02_6.txt">
      <Filter>Resource Files\roots</Filter>
    </Text>
    <Text Include="roots\roots_03.txt">
      <Filter>Resource Files\roots</Filter>
    </Text>
    <Text Include="roots\roots_04.txt">
      <Filter>Resource Files\roots</Filter>
    </Text>
    <Text Include="roots\roots_05.txt">
      <Filter>Resource Files\roots</Filter>
    </Text>
    <Text Include="roots\roots_06.txt">
      <Filter>Resource Files\roots</Filter>
    </Text>
    <Text Include="roots\roots_07.txt">
      <Filter>Resource Files\roots</Filter>
    </Text>
    <Text Include="roots\roots_08.txt">
      <Filter>Resource Files\roots</Filter>
    </Text>
  </ItemGroup>
</Project>